
Microsoft Visual Studio Solution File, Format Version 12.00
# Visual Studio Version 17
VisualStudioVersion = 17.5.002.0
MinimumVisualStudioVersion = 10.0.40219.1
Project("{9A19103F-16F7-4668-BE54-9A1E7A4F7556}") = "SpendMemo", "SpendMemo.csproj", "{950D3CA3-F6FE-4EE3-AF44-866A634F1504}"
EndProject
Global
	GlobalSection(SolutionConfigurationPlatforms) = preSolution
		Debug|Any CPU = Debug|Any CPU
		Release|Any CPU = Release|Any CPU
	EndGlobalSection
	GlobalSection(ProjectConfigurationPlatforms) = postSolution
		{950D3CA3-F6FE-4EE3-AF44-866A634F1504}.Debug|Any CPU.ActiveCfg = Debug|Any CPU
		{950D3CA3-F6FE-4EE3-AF44-866A634F1504}.Debug|Any CPU.Build.0 = Debug|Any CPU
		{950D3CA3-F6FE-4EE3-AF44-866A634F1504}.Release|Any CPU.ActiveCfg = Release|Any CPU
		{950D3CA3-F6FE-4EE3-AF44-866A634F1504}.Release|Any CPU.Build.0 = Release|Any CPU
	EndGlobalSection
	GlobalSection(SolutionProperties) = preSolution
		HideSolutionNode = FALSE
	EndGlobalSection
	GlobalSection(ExtensibilityGlobals) = postSolution
		SolutionGuid = {F8174174-4921-4685-B67B-F37FAB546FB6}
	EndGlobalSection
EndGlobal
